
Microsoft Visual Studio Solution File, Format Version 12.00
# Visual Studio Version 17
VisualStudioVersion = 17.13.35825.156 d17.13
MinimumVisualStudioVersion = 10.0.40219.1
Project("{FAE04EC0-301F-11D3-BF4B-00C04F79EFBC}") = "MeuPrimeiroAPP", "MeuPrimeiroAPP\MeuPrimeiroAPP.csproj", "{838ACFF6-F8BB-4EF0-97A4-1E42E30B2BBE}"
EndProject
Global
	GlobalSection(SolutionConfigurationPlatforms) = preSolution
		Debug|Any CPU = Debug|Any CPU
		Release|Any CPU = Release|Any CPU
	EndGlobalSection
	GlobalSection(ProjectConfigurationPlatforms) = postSolution
		{838ACFF6-F8BB-4EF0-97A4-1E42E30B2BBE}.Debug|Any CPU.ActiveCfg = Debug|Any CPU
		{838ACFF6-F8BB-4EF0-97A4-1E42E30B2BBE}.Debug|Any CPU.Build.0 = Debug|Any CPU
		{838ACFF6-F8BB-4EF0-97A4-1E42E30B2BBE}.Release|Any CPU.ActiveCfg = Release|Any CPU
		{838ACFF6-F8BB-4EF0-97A4-1E42E30B2BBE}.Release|Any CPU.Build.0 = Release|Any CPU
	EndGlobalSection
	GlobalSection(SolutionProperties) = preSolution
		HideSolutionNode = FALSE
	EndGlobalSection
	GlobalSection(ExtensibilityGlobals) = postSolution
		SolutionGuid = {E725919F-6411-4C48-B04E-03DCE1776ADE}
	EndGlobalSection
EndGlobal
